
Microsoft Visual Studio Solution File, Format Version 12.00
# Visual Studio Version 17
VisualStudioVersion = 17.14.36518.9
MinimumVisualStudioVersion = 10.0.40219.1
Project("{2150E333-8FDC-42A3-9474-1A3956D46DE8}") = "src", "src", "{02EA681E-C7D8-13C7-8484-4AC65E1B71E8}"
EndProject
Project("{2150E333-8FDC-42A3-9474-1A3956D46DE8}") = "tests", "tests", "{FB360004-2E59-40E7-A7A5-9DC9163E1789}"
EndProject
Project("{FAE04EC0-301F-11D3-BF4B-00C04F79EFBC}") = "DevBoard.Domain", "src\DevBoard.Domain\DevBoard.Domain.csproj", "{61BA739D-0FEF-416B-AD1E-CBD96170FE82}"
EndProject
Project("{FAE04EC0-301F-11D3-BF4B-00C04F79EFBC}") = "DevBoard.Infrastructure", "src\DevBoard.Infrastructure\DevBoard.Infrastructure.csproj", "{1EADF40B-DF94-4AA0-9874-BE16477B5D11}"
EndProject
Project("{FAE04EC0-301F-11D3-BF4B-00C04F79EFBC}") = "DevBoard.Application", "src\DevBoard.Application\DevBoard.Application.csproj", "{6E0073E1-933B-4DD8-B010-95F34CB3F913}"
EndProject
Project("{FAE04EC0-301F-11D3-BF4B-00C04F79EFBC}") = "DevBoard.Api", "src\DevBoard.Api\DevBoard.Api.csproj", "{2AE851FD-8666-4512-9ADD-7FA897B8A8C4}"
EndProject
Project("{2150E333-8FDC-42A3-9474-1A3956D46DE8}") = "Services", "Services", "{759A95F9-DD17-4F79-80CD-A33CEBD31643}"
EndProject
Project("{2150E333-8FDC-42A3-9474-1A3956D46DE8}") = "Identity", "Identity", "{8B395BEE-0152-44FF-8D97-716CA032AF5E}"
EndProject
Project("{FAE04EC0-301F-11D3-BF4B-00C04F79EFBC}") = "DevBoard.Services.Identity.Api", "src\Services\Identity\DevBoard.Services.Identity.Api\DevBoard.Services.Identity.Api.csproj", "{D3D624E7-1D7B-48A1-A423-A72ECC29EDDA}"
EndProject
Project("{2150E333-8FDC-42A3-9474-1A3956D46DE8}") = "Shared", "Shared", "{E9A95E8A-9441-467F-BA98-92F4D4BBB4E1}"
EndProject
Project("{FAE04EC0-301F-11D3-BF4B-00C04F79EFBC}") = "DevBoard.Shared.Contracts", "src\Shared\DevBoard.Shared.Contracts\DevBoard.Shared.Contracts.csproj", "{F78147B0-C1D8-41F7-8322-EED5A89F9E47}"
EndProject
Project("{FAE04EC0-301F-11D3-BF4B-00C04F79EFBC}") = "DevBoard.Shared.Common", "src\Shared\DevBoard.Shared.Common\DevBoard.Shared.Common.csproj", "{DB9C07EC-D851-4001-BADF-595A6ECB7E75}"
EndProject
Project("{FAE04EC0-301F-11D3-BF4B-00C04F79EFBC}") = "DevBoard.Services.Identity.Core", "src\Services\Identity\DevBoard.Services.Identity.Core\DevBoard.Services.Identity.Core.csproj", "{F1ED10DC-8ECF-49C8-8395-7E88DB71B0C6}"
EndProject
Project("{FAE04EC0-301F-11D3-BF4B-00C04F79EFBC}") = "DevBoard.Services.Identity.Infrastructure", "src\Services\Identity\DevBoard.Services.Identity.Infrastructure\DevBoard.Services.Identity.Infrastructure.csproj", "{E5BDC187-4E52-478D-A356-A281C74A2058}"
EndProject
Project("{2150E333-8FDC-42A3-9474-1A3956D46DE8}") = "Tasks", "Tasks", "{0FE1E002-D84A-4ECF-98EE-7E0FA62E6522}"
EndProject
Project("{FAE04EC0-301F-11D3-BF4B-00C04F79EFBC}") = "DevBoard.Services.Tasks.Core", "src\Services\Tasks\DevBoard.Services.Tasks.Core\DevBoard.Services.Tasks.Core.csproj", "{D3C2A7F8-437A-46EC-BBF9-A362F8BC1FEA}"
EndProject
Project("{FAE04EC0-301F-11D3-BF4B-00C04F79EFBC}") = "DevBoard.Services.Tasks.Infrastructure", "src\Services\Tasks\DevBoard.Services.Tasks.Infrastructure\DevBoard.Services.Tasks.Infrastructure.csproj", "{C1C4E363-5924-47C0-8637-238340BD3F6E}"
EndProject
Project("{FAE04EC0-301F-11D3-BF4B-00C04F79EFBC}") = "DevBoard.Services.Tasks.Api", "src\Services\Tasks\DevBoard.Services.Tasks.Api\DevBoard.Services.Tasks.Api.csproj", "{F1CF7E4E-1537-433B-A09D-4CE4CCE6C197}"
EndProject
Project("{2150E333-8FDC-42A3-9474-1A3956D46DE8}") = "ApiGateway", "ApiGateway", "{C1D136D7-E1EE-4A99-AFED-41704B571A53}"
EndProject
Project("{FAE04EC0-301F-11D3-BF4B-00C04F79EFBC}") = "DevBoard.ApiGateway", "src\ApiGateway\DevBoard.ApiGateway\DevBoard.ApiGateway.csproj", "{6319D861-E98F-4FEA-A2C9-E6A7BC1637FE}"
EndProject
Project("{2150E333-8FDC-42A3-9474-1A3956D46DE8}") = "Projects", "Projects", "{0684D2FF-7B9D-439F-A3F7-64EC46C0B4A1}"
EndProject
Project("{FAE04EC0-301F-11D3-BF4B-00C04F79EFBC}") = "DevBoard.Services.Projects.Core", "src\Services\Projects\DevBoard.Services.Projects.Core\DevBoard.Services.Projects.Core.csproj", "{59ED4277-3550-4146-913E-9B2FC33E720F}"
EndProject
Project("{FAE04EC0-301F-11D3-BF4B-00C04F79EFBC}") = "DevBoard.Services.Projects.Infrastructure", "src\Services\Projects\DevBoard.Services.Projects.Infrastructure\DevBoard.Services.Projects.Infrastructure.csproj", "{FD783264-0E4E-4C04-BBD0-28831C4FD78B}"
EndProject
Project("{FAE04EC0-301F-11D3-BF4B-00C04F79EFBC}") = "DevBoard.Services.Projects.Api", "src\Services\Projects\DevBoard.Services.Projects.Api\DevBoard.Services.Projects.Api.csproj", "{B2E81AE5-D0FC-4552-B4A0-5BCF8D341761}"
EndProject
Project("{2150E333-8FDC-42A3-9474-1A3956D46DE8}") = "Notifications", "Notifications", "{BA827525-73DC-43EE-B1F9-2DBB9F525DBF}"
EndProject
Project("{FAE04EC0-301F-11D3-BF4B-00C04F79EFBC}") = "DevBoard.Services.Notifications.Api", "src\Services\Notifications\DevBoard.Services.Notifications.Api\DevBoard.Services.Notifications.Api.csproj", "{D2D60AD8-8882-4B89-A79E-DD07B68E5E17}"
EndProject
Project("{FAE04EC0-301F-11D3-BF4B-00C04F79EFBC}") = "DevBoard.Services.Notifications.Infrastructure", "src\Services\Notifications\DevBoard.Services.Notifications.Infrastructure\DevBoard.Services.Notifications.Infrastructure.csproj", "{04A1E457-CD7F-4FBD-856A-25899F2B624F}"
EndProject
Global
	GlobalSection(SolutionConfigurationPlatforms) = preSolution
		Debug|Any CPU = Debug|Any CPU
		Release|Any CPU = Release|Any CPU
	EndGlobalSection
	GlobalSection(ProjectConfigurationPlatforms) = postSolution
		{61BA739D-0FEF-416B-AD1E-CBD96170FE82}.Debug|Any CPU.ActiveCfg = Debug|Any CPU
		{61BA739D-0FEF-416B-AD1E-CBD96170FE82}.Debug|Any CPU.Build.0 = Debug|Any CPU
		{61BA739D-0FEF-416B-AD1E-CBD96170FE82}.Release|Any CPU.ActiveCfg = Release|Any CPU
		{61BA739D-0FEF-416B-AD1E-CBD96170FE82}.Release|Any CPU.Build.0 = Release|Any CPU
		{1EADF40B-DF94-4AA0-9874-BE16477B5D11}.Debug|Any CPU.ActiveCfg = Debug|Any CPU
		{1EADF40B-DF94-4AA0-9874-BE16477B5D11}.Debug|Any CPU.Build.0 = Debug|Any CPU
		{1EADF40B-DF94-4AA0-9874-BE16477B5D11}.Release|Any CPU.ActiveCfg = Release|Any CPU
		{1EADF40B-DF94-4AA0-9874-BE16477B5D11}.Release|Any CPU.Build.0 = Release|Any CPU
		{6E0073E1-933B-4DD8-B010-95F34CB3F913}.Debug|Any CPU.ActiveCfg = Debug|Any CPU
		{6E0073E1-933B-4DD8-B010-95F34CB3F913}.Debug|Any CPU.Build.0 = Debug|Any CPU
		{6E0073E1-933B-4DD8-B010-95F34CB3F913}.Release|Any CPU.ActiveCfg = Release|Any CPU
		{6E0073E1-933B-4DD8-B010-95F34CB3F913}.Release|Any CPU.Build.0 = Release|Any CPU
		{2AE851FD-8666-4512-9ADD-7FA897B8A8C4}.Debug|Any CPU.ActiveCfg = Debug|Any CPU
		{2AE851FD-8666-4512-9ADD-7FA897B8A8C4}.Debug|Any CPU.Build.0 = Debug|Any CPU
		{2AE851FD-8666-4512-9ADD-7FA897B8A8C4}.Release|Any CPU.ActiveCfg = Release|Any CPU
		{2AE851FD-8666-4512-9ADD-7FA897B8A8C4}.Release|Any CPU.Build.0 = Release|Any CPU
		{D3D624E7-1D7B-48A1-A423-A72ECC29EDDA}.Debug|Any CPU.ActiveCfg = Debug|Any CPU
		{D3D624E7-1D7B-48A1-A423-A72ECC29EDDA}.Debug|Any CPU.Build.0 = Debug|Any CPU
		{D3D624E7-1D7B-48A1-A423-A72ECC29EDDA}.Release|Any CPU.ActiveCfg = Release|Any CPU
		{D3D624E7-1D7B-48A1-A423-A72ECC29EDDA}.Release|Any CPU.Build.0 = Release|Any CPU
		{F78147B0-C1D8-41F7-8322-EED5A89F9E47}.Debug|Any CPU.ActiveCfg = Debug|Any CPU
		{F78147B0-C1D8-41F7-8322-EED5A89F9E47}.Debug|Any CPU.Build.0 = Debug|Any CPU
		{F78147B0-C1D8-41F7-8322-EED5A89F9E47}.Release|Any CPU.ActiveCfg = Release|Any CPU
		{F78147B0-C1D8-41F7-8322-EED5A89F9E47}.Release|Any CPU.Build.0 = Release|Any CPU
		{DB9C07EC-D851-4001-BADF-595A6ECB7E75}.Debug|Any CPU.ActiveCfg = Debug|Any CPU
		{DB9C07EC-D851-4001-BADF-595A6ECB7E75}.Debug|Any CPU.Build.0 = Debug|Any CPU
		{DB9C07EC-D851-4001-BADF-595A6ECB7E75}.Release|Any CPU.ActiveCfg = Release|Any CPU
		{DB9C07EC-D851-4001-BADF-595A6ECB7E75}.Release|Any CPU.Build.0 = Release|Any CPU
		{F1ED10DC-8ECF-49C8-8395-7E88DB71B0C6}.Debug|Any CPU.ActiveCfg = Debug|Any CPU
		{F1ED10DC-8ECF-49C8-8395-7E88DB71B0C6}.Debug|Any CPU.Build.0 = Debug|Any CPU
		{F1ED10DC-8ECF-49C8-8395-7E88DB71B0C6}.Release|Any CPU.ActiveCfg = Release|Any CPU
		{F1ED10DC-8ECF-49C8-8395-7E88DB71B0C6}.Release|Any CPU.Build.0 = Release|Any CPU
		{E5BDC187-4E52-478D-A356-A281C74A2058}.Debug|Any CPU.ActiveCfg = Debug|Any CPU
		{E5BDC187-4E52-478D-A356-A281C74A2058}.Debug|Any CPU.Build.0 = Debug|Any CPU
		{E5BDC187-4E52-478D-A356-A281C74A2058}.Release|Any CPU.ActiveCfg = Release|Any CPU
		{E5BDC187-4E52-478D-A356-A281C74A2058}.Release|Any CPU.Build.0 = Release|Any CPU
		{D3C2A7F8-437A-46EC-BBF9-A362F8BC1FEA}.Debug|Any CPU.ActiveCfg = Debug|Any CPU
		{D3C2A7F8-437A-46EC-BBF9-A362F8BC1FEA}.Debug|Any CPU.Build.0 = Debug|Any CPU
		{D3C2A7F8-437A-46EC-BBF9-A362F8BC1FEA}.Release|Any CPU.ActiveCfg = Release|Any CPU
		{D3C2A7F8-437A-46EC-BBF9-A362F8BC1FEA}.Release|Any CPU.Build.0 = Release|Any CPU
		{C1C4E363-5924-47C0-8637-238340BD3F6E}.Debug|Any CPU.ActiveCfg = Debug|Any CPU
		{C1C4E363-5924-47C0-8637-238340BD3F6E}.Debug|Any CPU.Build.0 = Debug|Any CPU
		{C1C4E363-5924-47C0-8637-238340BD3F6E}.Release|Any CPU.ActiveCfg = Release|Any CPU
		{C1C4E363-5924-47C0-8637-238340BD3F6E}.Release|Any CPU.Build.0 = Release|Any CPU
		{F1CF7E4E-1537-433B-A09D-4CE4CCE6C197}.Debug|Any CPU.ActiveCfg = Debug|Any CPU
		{F1CF7E4E-1537-433B-A09D-4CE4CCE6C197}.Debug|Any CPU.Build.0 = Debug|Any CPU
		{F1CF7E4E-1537-433B-A09D-4CE4CCE6C197}.Release|Any CPU.ActiveCfg = Release|Any CPU
		{F1CF7E4E-1537-433B-A09D-4CE4CCE6C197}.Release|Any CPU.Build.0 = Release|Any CPU
		{6319D861-E98F-4FEA-A2C9-E6A7BC1637FE}.Debug|Any CPU.ActiveCfg = Debug|Any CPU
		{6319D861-E98F-4FEA-A2C9-E6A7BC1637FE}.Debug|Any CPU.Build.0 = Debug|Any CPU
		{6319D861-E98F-4FEA-A2C9-E6A7BC1637FE}.Release|Any CPU.ActiveCfg = Release|Any CPU
		{6319D861-E98F-4FEA-A2C9-E6A7BC1637FE}.Release|Any CPU.Build.0 = Release|Any CPU
		{59ED4277-3550-4146-913E-9B2FC33E720F}.Debug|Any CPU.ActiveCfg = Debug|Any CPU
		{59ED4277-3550-4146-913E-9B2FC33E720F}.Debug|Any CPU.Build.0 = Debug|Any CPU
		{59ED4277-3550-4146-913E-9B2FC33E720F}.Release|Any CPU.ActiveCfg = Release|Any CPU
		{59ED4277-3550-4146-913E-9B2FC33E720F}.Release|Any CPU.Build.0 = Release|Any CPU
		{FD783264-0E4E-4C04-BBD0-28831C4FD78B}.Debug|Any CPU.ActiveCfg = Debug|Any CPU
		{FD783264-0E4E-4C04-BBD0-28831C4FD78B}.Debug|Any CPU.Build.0 = Debug|Any CPU
		{FD783264-0E4E-4C04-BBD0-28831C4FD78B}.Release|Any CPU.ActiveCfg = Release|Any CPU
		{FD783264-0E4E-4C04-BBD0-28831C4FD78B}.Release|Any CPU.Build.0 = Release|Any CPU
		{B2E81AE5-D0FC-4552-B4A0-5BCF8D341761}.Debug|Any CPU.ActiveCfg = Debug|Any CPU
		{B2E81AE5-D0FC-4552-B4A0-5BCF8D341761}.Debug|Any CPU.Build.0 = Debug|Any CPU
		{B2E81AE5-D0FC-4552-B4A0-5BCF8D341761}.Release|Any CPU.ActiveCfg = Release|Any CPU
		{B2E81AE5-D0FC-4552-B4A0-5BCF8D341761}.Release|Any CPU.Build.0 = Release|Any CPU
		{D2D60AD8-8882-4B89-A79E-DD07B68E5E17}.Debug|Any CPU.ActiveCfg = Debug|Any CPU
		{D2D60AD8-8882-4B89-A79E-DD07B68E5E17}.Debug|Any CPU.Build.0 = Debug|Any CPU
		{D2D60AD8-8882-4B89-A79E-DD07B68E5E17}.Release|Any CPU.ActiveCfg = Release|Any CPU
		{D2D60AD8-8882-4B89-A79E-DD07B68E5E17}.Release|Any CPU.Build.0 = Release|Any CPU
		{04A1E457-CD7F-4FBD-856A-25899F2B624F}.Debug|Any CPU.ActiveCfg = Debug|Any CPU
		{04A1E457-CD7F-4FBD-856A-25899F2B624F}.Debug|Any CPU.Build.0 = Debug|Any CPU
		{04A1E457-CD7F-4FBD-856A-25899F2B624F}.Release|Any CPU.ActiveCfg = Release|Any CPU
		{04A1E457-CD7F-4FBD-856A-25899F2B624F}.Release|Any CPU.Build.0 = Release|Any CPU
	EndGlobalSection
	GlobalSection(SolutionProperties) = preSolution
		HideSolutionNode = FALSE
	EndGlobalSection
	GlobalSection(NestedProjects) = preSolution
		{61BA739D-0FEF-416B-AD1E-CBD96170FE82} = {02EA681E-C7D8-13C7-8484-4AC65E1B71E8}
		{1EADF40B-DF94-4AA0-9874-BE16477B5D11} = {02EA681E-C7D8-13C7-8484-4AC65E1B71E8}
		{6E0073E1-933B-4DD8-B010-95F34CB3F913} = {02EA681E-C7D8-13C7-8484-4AC65E1B71E8}
		{2AE851FD-8666-4512-9ADD-7FA897B8A8C4} = {02EA681E-C7D8-13C7-8484-4AC65E1B71E8}
		{759A95F9-DD17-4F79-80CD-A33CEBD31643} = {02EA681E-C7D8-13C7-8484-4AC65E1B71E8}
		{8B395BEE-0152-44FF-8D97-716CA032AF5E} = {759A95F9-DD17-4F79-80CD-A33CEBD31643}
		{D3D624E7-1D7B-48A1-A423-A72ECC29EDDA} = {8B395BEE-0152-44FF-8D97-716CA032AF5E}
		{E9A95E8A-9441-467F-BA98-92F4D4BBB4E1} = {02EA681E-C7D8-13C7-8484-4AC65E1B71E8}
		{F78147B0-C1D8-41F7-8322-EED5A89F9E47} = {E9A95E8A-9441-467F-BA98-92F4D4BBB4E1}
		{DB9C07EC-D851-4001-BADF-595A6ECB7E75} = {E9A95E8A-9441-467F-BA98-92F4D4BBB4E1}
		{F1ED10DC-8ECF-49C8-8395-7E88DB71B0C6} = {8B395BEE-0152-44FF-8D97-716CA032AF5E}
		{E5BDC187-4E52-478D-A356-A281C74A2058} = {8B395BEE-0152-44FF-8D97-716CA032AF5E}
		{0FE1E002-D84A-4ECF-98EE-7E0FA62E6522} = {759A95F9-DD17-4F79-80CD-A33CEBD31643}
		{D3C2A7F8-437A-46EC-BBF9-A362F8BC1FEA} = {0FE1E002-D84A-4ECF-98EE-7E0FA62E6522}
		{C1C4E363-5924-47C0-8637-238340BD3F6E} = {0FE1E002-D84A-4ECF-98EE-7E0FA62E6522}
		{F1CF7E4E-1537-433B-A09D-4CE4CCE6C197} = {0FE1E002-D84A-4ECF-98EE-7E0FA62E6522}
		{C1D136D7-E1EE-4A99-AFED-41704B571A53} = {02EA681E-C7D8-13C7-8484-4AC65E1B71E8}
		{6319D861-E98F-4FEA-A2C9-E6A7BC1637FE} = {C1D136D7-E1EE-4A99-AFED-41704B571A53}
		{0684D2FF-7B9D-439F-A3F7-64EC46C0B4A1} = {759A95F9-DD17-4F79-80CD-A33CEBD31643}
		{59ED4277-3550-4146-913E-9B2FC33E720F} = {0684D2FF-7B9D-439F-A3F7-64EC46C0B4A1}
		{FD783264-0E4E-4C04-BBD0-28831C4FD78B} = {0684D2FF-7B9D-439F-A3F7-64EC46C0B4A1}
		{B2E81AE5-D0FC-4552-B4A0-5BCF8D341761} = {0684D2FF-7B9D-439F-A3F7-64EC46C0B4A1}
		{BA827525-73DC-43EE-B1F9-2DBB9F525DBF} = {759A95F9-DD17-4F79-80CD-A33CEBD31643}
		{D2D60AD8-8882-4B89-A79E-DD07B68E5E17} = {BA827525-73DC-43EE-B1F9-2DBB9F525DBF}
		{04A1E457-CD7F-4FBD-856A-25899F2B624F} = {BA827525-73DC-43EE-B1F9-2DBB9F525DBF}
	EndGlobalSection
	GlobalSection(ExtensibilityGlobals) = postSolution
		SolutionGuid = {C87C4AF7-E190-4E93-8AEB-DC9C96224C1D}
	EndGlobalSection
EndGlobal
